{
  "requires": true,
  "lockfileVersion": 1,
  "dependencies": {
    "@bikeshaving/crank": {
      "version": "0.1.3",
      "resolved": "https://registry.npmjs.org/@bikeshaving/crank/-/crank-0.1.3.tgz",
      "integrity": "sha512-EZ+UupSyk+VmVMDul6ij7EaNAXYCSAxj63056cy8HmmkO62hwJMzXI4r+D9bAMDnPo6oAZg8sA2gg2tky9grYg==",
      "requires": {
        "event-target-shim": "^5.0.1"
      }
    },
    "event-target-shim": {
      "version": "5.0.1",
      "resolved": "https://registry.npmjs.org/event-target-shim/-/event-target-shim-5.0.1.tgz",
      "integrity": "sha512-i/2XbnSz/uxRCU6+NdVJgKWDTM427+MqYbkQzD321DuCQJUqOuJKIA0IM2+W2xtYHdKOmZ4dR6fExsd4SXL+WQ=="
    }
  }
}
